
Microsoft Visual Studio Solution File, Format Version 12.00
# Visual Studio 15
VisualStudioVersion = 15.0.26730.8
MinimumVisualStudioVersion = 10.0.40219.1
Project("{2150E333-8FDC-42A3-9474-1A3956D46DE8}") = "SM.Core", "SM.Core", "{B36E9744-1D19-48F1-B73D-D981FC817D7B}"
EndProject
Project("{FAE04EC0-301F-11D3-BF4B-00C04F79EFBC}") = "SM.Core.Framework", "SM.Core.Framework\SM.Core.Framework.csproj", "{63C09809-3574-44F2-9AC0-66E787C84951}"
EndProject
Global
	GlobalSection(SolutionConfigurationPlatforms) = preSolution
		Debug|Any CPU = Debug|Any CPU
		Release|Any CPU = Release|Any CPU
	EndGlobalSection
	GlobalSection(ProjectConfigurationPlatforms) = postSolution
		{63C09809-3574-44F2-9AC0-66E787C84951}.Debug|Any CPU.ActiveCfg = Debug|Any CPU
		{63C09809-3574-44F2-9AC0-66E787C84951}.Debug|Any CPU.Build.0 = Debug|Any CPU
		{63C09809-3574-44F2-9AC0-66E787C84951}.Release|Any CPU.ActiveCfg = Release|Any CPU
		{63C09809-3574-44F2-9AC0-66E787C84951}.Release|Any CPU.Build.0 = Release|Any CPU
	EndGlobalSection
	GlobalSection(SolutionProperties) = preSolution
		HideSolutionNode = FALSE
	EndGlobalSection
	GlobalSection(NestedProjects) = preSolution
		{63C09809-3574-44F2-9AC0-66E787C84951} = {B36E9744-1D19-48F1-B73D-D981FC817D7B}
	EndGlobalSection
	GlobalSection(ExtensibilityGlobals) = postSolution
		SolutionGuid = {2C36EF01-BEA6-4AD1-BE99-17A8ECEE1EB7}
	EndGlobalSection
EndGlobal
